// !$*UTF8*$!
{
	archiveVersion = 1;
	classes = {
	};
	objectVersion = 56;
	objects = {

/* Begin PBXBuildFile section */
		5E34B1ED2AED9B2B008F3F12 /* AppDelegate.swift in Sources */ = {isa = PBXBuildFile; fileRef = 5E34B1EC2AED9B2B008F3F12 /* AppDelegate.swift */; };
		5E34B1EF2AED9B2B008F3F12 /* SceneDelegate.swift in Sources */ = {isa = PBXBuildFile; fileRef = 5E34B1EE2AED9B2B008F3F12 /* SceneDelegate.swift */; };
		5E34B1F12AED9B2B008F3F12 /* ViewController.swift in Sources */ = {isa = PBXBuildFile; fileRef = 5E34B1F02AED9B2B008F3F12 /* ViewController.swift */; };
		5E34B1F42AED9B2B008F3F12 /* Main.storyboard in Resources */ = {isa = PBXBuildFile; fileRef = 5E34B1F22AED9B2B008F3F12 /* Main.storyboard */; };
		5E34B1F92AED9B2D008F3F12 /* LaunchScreen.storyboard in Resources */ = {isa = PBXBuildFile; fileRef = 5E34B1F72AED9B2D008F3F12 /* LaunchScreen.storyboard */; };
		5E5AE2E92AEF4020008D0393 /* LabTwoViewController.swift in Sources */ = {isa = PBXBuildFile; fileRef = 5E5AE2E82AEF4020008D0393 /* LabTwoViewController.swift */; };
		5E5AE2EF2AEF45CF008D0393 /* Assets.xcassets in Resources */ = {isa = PBXBuildFile; fileRef = 5E5AE2EE2AEF45CF008D0393 /* Assets.xcassets */; };
		5E5AE2F12AEF4D35008D0393 /* LabThreeViewController.swift in Sources */ = {isa = PBXBuildFile; fileRef = 5E5AE2F02AEF4D35008D0393 /* LabThreeViewController.swift */; };
		5E9ADD0C2AF9B3D800539414 /* ProfileViewController.swift in Sources */ = {isa = PBXBuildFile; fileRef = 5E9ADD0B2AF9B3D800539414 /* ProfileViewController.swift */; };
		5EA24DB22AEE30AA002A36F6 /* FunctionViewController.swift in Sources */ = {isa = PBXBuildFile; fileRef = 5EA24DB12AEE30AA002A36F6 /* FunctionViewController.swift */; };
		5EA24DB62AEE3CDC002A36F6 /* CanadaViewController.swift in Sources */ = {isa = PBXBuildFile; fileRef = 5EA24DB52AEE3CDC002A36F6 /* CanadaViewController.swift */; };
		5EB5D4CB2AF2BCBE002485CC /* QuadraticViewController.swift in Sources */ = {isa = PBXBuildFile; fileRef = 5EB5D4CA2AF2BCBE002485CC /* QuadraticViewController.swift */; };
/* End PBXBuildFile section */

/* Begin PBXFileReference section */
		5E34B1E92AED9B2B008F3F12 /* tabs.app */ = {isa = PBXFileReference; explicitFileType = wrapper.application; includeInIndex = 0; path = tabs.app; sourceTree = BUILT_PRODUCTS_DIR; };
		5E34B1EC2AED9B2B008F3F12 /* AppDelegate.swift */ = {isa = PBXFileReference; lastKnownFileType = sourcecode.swift; path = AppDelegate.swift; sourceTree = "<group>"; };
		5E34B1EE2AED9B2B008F3F12 /* SceneDelegate.swift */ = {isa = PBXFileReference; lastKnownFileType = sourcecode.swift; path = SceneDelegate.swift; sourceTree = "<group>"; };
		5E34B1F02AED9B2B008F3F12 /* ViewController.swift */ = {isa = PBXFileReference; lastKnownFileType = sourcecode.swift; path = ViewController.swift; sourceTree = "<group>"; };
		5E34B1F32AED9B2B008F3F12 /* Base */ = {isa = PBXFileReference; lastKnownFileType = file.storyboard; name = Base; path = Base.lproj/Main.storyboard; sourceTree = "<group>"; };
		5E34B1F82AED9B2D008F3F12 /* Base */ = {isa = PBXFileReference; lastKnownFileType = file.storyboard; name = Base; path = Base.lproj/LaunchScreen.storyboard; sourceTree = "<group>"; };
		5E34B1FA2AED9B2D008F3F12 /* Info.plist */ = {isa = PBXFileReference; lastKnownFileType = text.plist.xml; path = Info.plist; sourceTree = "<group>"; };
		5E5AE2E82AEF4020008D0393 /* LabTwoViewController.swift */ = {isa = PBXFileReference; lastKnownFileType = sourcecode.swift; path = LabTwoViewController.swift; sourceTree = "<group>"; };
		5E5AE2EE2AEF45CF008D0393 /* Assets.xcassets */ = {isa = PBXFileReference; lastKnownFileType = folder.assetcatalog; path = Assets.xcassets; sourceTree = "<group>"; };
		5E5AE2F02AEF4D35008D0393 /* LabThreeViewController.swift */ = {isa = PBXFileReference; lastKnownFileType = sourcecode.swift; path = LabThreeViewController.swift; sourceTree = "<group>"; };
		5E9ADD0B2AF9B3D800539414 /* ProfileViewController.swift */ = {isa = PBXFileReference; lastKnownFileType = sourcecode.swift; path = ProfileViewController.swift; sourceTree = "<group>"; };
		5EA24DB12AEE30AA002A36F6 /* FunctionViewController.swift */ = {isa = PBXFileReference; lastKnownFileType = sourcecode.swift; path = FunctionViewController.swift; sourceTree = "<group>"; };
		5EA24DB52AEE3CDC002A36F6 /* CanadaViewController.swift */ = {isa = PBXFileReference; lastKnownFileType = sourcecode.swift; path = CanadaViewController.swift; sourceTree = "<group>"; };
		5EB5D4CA2AF2BCBE002485CC /* QuadraticViewController.swift */ = {isa = PBXFileReference; lastKnownFileType = sourcecode.swift; path = QuadraticViewController.swift; sourceTree = "<group>"; };
/* End PBXFileReference section */

/* Begin PBXFrameworksBuildPhase section */
		5E34B1E62AED9B2B008F3F12 /* Frameworks */ = {
			isa = PBXFrameworksBuildPhase;
			buildActionMask = 2147483647;
			files = (
			);
			runOnlyForDeploymentPostprocessing = 0;
		};
/* End PBXFrameworksBuildPhase section */

/* Begin PBXGroup section */
		5E34B1E02AED9B2B008F3F12 = {
			isa = PBXGroup;
			children = (
				5E34B1EB2AED9B2B008F3F12 /* tabs */,
				5E34B1EA2AED9B2B008F3F12 /* Products */,
			);
			sourceTree = "<group>";
		};
		5E34B1EA2AED9B2B008F3F12 /* Products */ = {
			isa = PBXGroup;
			children = (
				5E34B1E92AED9B2B008F3F12 /* tabs.app */,
			);
			name = Products;
			sourceTree = "<group>";
		};
		5E34B1EB2AED9B2B008F3F12 /* tabs */ = {
			isa = PBXGroup;
			children = (
				5E5AE2EE2AEF45CF008D0393 /* Assets.xcassets */,
				5E34B1EC2AED9B2B008F3F12 /* AppDelegate.swift */,
				5E34B1EE2AED9B2B008F3F12 /* SceneDelegate.swift */,
				5E34B1F02AED9B2B008F3F12 /* ViewController.swift */,
				5E34B1F22AED9B2B008F3F12 /* Main.storyboard */,
				5E34B1F72AED9B2D008F3F12 /* LaunchScreen.storyboard */,
				5E34B1FA2AED9B2D008F3F12 /* Info.plist */,
				5EA24DB12AEE30AA002A36F6 /* FunctionViewController.swift */,
				5EA24DB52AEE3CDC002A36F6 /* CanadaViewController.swift */,
				5E5AE2E82AEF4020008D0393 /* LabTwoViewController.swift */,
				5E5AE2F02AEF4D35008D0393 /* LabThreeViewController.swift */,
				5EB5D4CA2AF2BCBE002485CC /* QuadraticViewController.swift */,
				5E9ADD0B2AF9B3D800539414 /* ProfileViewController.swift */,
			);
			path = tabs;
			sourceTree = "<group>";
		};
/* End PBXGroup section */

/* Begin PBXNativeTarget section */
		5E34B1E82AED9B2B008F3F12 /* tabs */ = {
			isa = PBXNativeTarget;
			buildConfigurationList = 5E34B1FD2AED9B2D008F3F12 /* Build configuration list for PBXNativeTarget "tabs" */;
			buildPhases = (
				5E34B1E52AED9B2B008F3F12 /* Sources */,
				5E34B1E62AED9B2B008F3F12 /* Frameworks */,
				5E34B1E72AED9B2B008F3F12 /* Resources */,
			);
			buildRules = (
			);
			dependencies = (
			);
			name = tabs;
			productName = Jaykumar_Lukhi_MT_8941198;
			productReference = 5E34B1E92AED9B2B008F3F12 /* tabs.app */;
			productType = "com.apple.product-type.application";
		};
/* End PBXNativeTarget section */

/* Begin PBXProject section */
		5E34B1E12AED9B2B008F3F12 /* Project object */ = {
			isa = PBXProject;
			attributes = {
				BuildIndependentTargetsInParallel = 1;
				LastSwiftUpdateCheck = 1420;
				LastUpgradeCheck = 1420;
				TargetAttributes = {
					5E34B1E82AED9B2B008F3F12 = {
						CreatedOnToolsVersion = 14.2;
					};
				};
			};
			buildConfigurationList = 5E34B1E42AED9B2B008F3F12 /* Build configuration list for PBXProject "tabs" */;
			compatibilityVersion = "Xcode 14.0";
			developmentRegion = en;
			hasScannedForEncodings = 0;
			knownRegions = (
				en,
				Base,
			);
			mainGroup = 5E34B1E02AED9B2B008F3F12;
			productRefGroup = 5E34B1EA2AED9B2B008F3F12 /* Products */;
			projectDirPath = "";
			projectRoot = "";
			targets = (
				5E34B1E82AED9B2B008F3F12 /* tabs */,
			);
		};
/* End PBXProject section */

/* Begin PBXResourcesBuildPhase section */
		5E34B1E72AED9B2B008F3F12 /* Resources */ = {
			isa = PBXResourcesBuildPhase;
			buildActionMask = 2147483647;
			files = (
				5E34B1F92AED9B2D008F3F12 /* LaunchScreen.storyboard in Resources */,
				5E5AE2EF2AEF45CF008D0393 /* Assets.xcassets in Resources */,
				5E34B1F42AED9B2B008F3F12 /* Main.storyboard in Resources */,
			);
			runOnlyForDeploymentPostprocessing = 0;
		};
/* End PBXResourcesBuildPhase section */

/* Begin PBXSourcesBuildPhase section */
		5E34B1E52AED9B2B008F3F12 /* Sources */ = {
			isa = PBXSourcesBuildPhase;
			buildActionMask = 2147483647;
			files = (
				5EA24DB22AEE30AA002A36F6 /* FunctionViewController.swift in Sources */,
				5E9ADD0C2AF9B3D800539414 /* ProfileViewController.swift in Sources */,
				5E34B1F12AED9B2B008F3F12 /* ViewController.swift in Sources */,
				5EA24DB62AEE3CDC002A36F6 /* CanadaViewController.swift in Sources */,
				5EB5D4CB2AF2BCBE002485CC /* QuadraticViewController.swift in Sources */,
				5E5AE2F12AEF4D35008D0393 /* LabThreeViewController.swift in Sources */,
				5E34B1ED2AED9B2B008F3F12 /* AppDelegate.swift in Sources */,
				5E34B1EF2AED9B2B008F3F12 /* SceneDelegate.swift in Sources */,
				5E5AE2E92AEF4020008D0393 /* LabTwoViewController.swift in Sources */,
			);
			runOnlyForDeploymentPostprocessing = 0;
		};
/* End PBXSourcesBuildPhase section */

/* Begin PBXVariantGroup section */
		5E34B1F22AED9B2B008F3F12 /* Main.storyboard */ = {
			isa = PBXVariantGroup;
			children = (
				5E34B1F32AED9B2B008F3F12 /* Base */,
			);
			name = Main.storyboard;
			sourceTree = "<group>";
		};
		5E34B1F72AED9B2D008F3F12 /* LaunchScreen.storyboard */ = {
			isa = PBXVariantGroup;
			children = (
				5E34B1F82AED9B2D008F3F12 /* Base */,
			);
			name = LaunchScreen.storyboard;
			sourceTree = "<group>";
		};
/* End PBXVariantGroup section */

/* Begin XCBuildConfiguration section */
		5E34B1FB2AED9B2D008F3F12 /* Debug */ = {
			isa = XCBuildConfiguration;
			buildSettings = {
				ALWAYS_SEARCH_USER_PATHS = NO;
				CLANG_ANALYZER_NONNULL = YES;
				CLANG_ANALYZER_NUMBER_OBJECT_CONVERSION = YES_AGGRESSIVE;
				CLANG_CXX_LANGUAGE_STANDARD = "gnu++20";
				CLANG_ENABLE_MODULES = YES;
				CLANG_ENABLE_OBJC_ARC = YES;
				CLANG_ENABLE_OBJC_WEAK = YES;
				CLANG_WARN_BLOCK_CAPTURE_AUTORELEASING = YES;
				CLANG_WARN_BOOL_CONVERSION = YES;
				CLANG_WARN_COMMA = YES;
				CLANG_WARN_CONSTANT_CONVERSION = YES;
				CLANG_WARN_DEPRECATED_OBJC_IMPLEMENTATIONS = YES;
				CLANG_WARN_DIRECT_OBJC_ISA_USAGE = YES_ERROR;
				CLANG_WARN_DOCUMENTATION_COMMENTS = YES;
				CLANG_WARN_EMPTY_BODY = YES;
				CLANG_WARN_ENUM_CONVERSION = YES;
				CLANG_WARN_INFINITE_RECURSION = YES;
				CLANG_WARN_INT_CONVERSION = YES;
				CLANG_WARN_NON_LITERAL_NULL_CONVERSION = YES;
				CLANG_WARN_OBJC_IMPLICIT_RETAIN_SELF = YES;
				CLANG_WARN_OBJC_LITERAL_CONVERSION = YES;
				CLANG_WARN_OBJC_ROOT_CLASS = YES_ERROR;
				CLANG_WARN_QUOTED_INCLUDE_IN_FRAMEWORK_HEADER = YES;
				CLANG_WARN_RANGE_LOOP_ANALYSIS = YES;
				CLANG_WARN_STRICT_PROTOTYPES = YES;
				CLANG_WARN_SUSPICIOUS_MOVE = YES;
				CLANG_WARN_UNGUARDED_AVAILABILITY = YES_AGGRESSIVE;
				CLANG_WARN_UNREACHABLE_CODE = YES;
				CLANG_WARN__DUPLICATE_METHOD_MATCH = YES;
				COPY_PHASE_STRIP = NO;
				DEBUG_INFORMATION_FORMAT = dwarf;
				ENABLE_STRICT_OBJC_MSGSEND = YES;
				ENABLE_TESTABILITY = YES;
				GCC_C_LANGUAGE_STANDARD = gnu11;
				GCC_DYNAMIC_NO_PIC = NO;
				GCC_NO_COMMON_BLOCKS = YES;
				GCC_OPTIMIZATION_LEVEL = 0;
				GCC_PREPROCESSOR_DEFINITIONS = (
					"DEBUG=1",
					"$(inherited)",
				);
				GCC_WARN_64_TO_32_BIT_CONVERSION = YES;
				GCC_WARN_ABOUT_RETURN_TYPE = YES_ERROR;
				GCC_WARN_UNDECLARED_SELECTOR = YES;
				GCC_WARN_UNINITIALIZED_AUTOS = YES_AGGRESSIVE;
				GCC_WARN_UNUSED_FUNCTION = YES;
				GCC_WARN_UNUSED_VARIABLE = YES;
				IPHONEOS_DEPLOYMENT_TARGET = 16.2;
				MTL_ENABLE_DEBUG_INFO = INCLUDE_SOURCE;
				MTL_FAST_MATH = YES;
				ONLY_ACTIVE_ARCH = YES;
				SDKROOT = iphoneos;
				SWIFT_ACTIVE_COMPILATION_CONDITIONS = DEBUG;
				SWIFT_OPTIMIZATION_LEVEL = "-Onone";
			};
			name = Debug;
		};
		5E34B1FC2AED9B2D008F3F12 /* Release */ = {
			isa = XCBuildConfiguration;
			buildSettings = {
				ALWAYS_SEARCH_USER_PATHS = NO;
				CLANG_ANALYZER_NONNULL = YES;
				CLANG_ANALYZER_NUMBER_OBJECT_CONVERSION = YES_AGGRESSIVE;
				CLANG_CXX_LANGUAGE_STANDARD = "gnu++20";
				CLANG_ENABLE_MODULES = YES;
				CLANG_ENABLE_OBJC_ARC = YES;
				CLANG_ENABLE_OBJC_WEAK = YES;
				CLANG_WARN_BLOCK_CAPTURE_AUTORELEASING = YES;
				CLANG_WARN_BOOL_CONVERSION = YES;
				CLANG_WARN_COMMA = YES;
				CLANG_WARN_CONSTANT_CONVERSION = YES;
				CLANG_WARN_DEPRECATED_OBJC_IMPLEMENTATIONS = YES;
				CLANG_WARN_DIRECT_OBJC_ISA_USAGE = YES_ERROR;
				CLANG_WARN_DOCUMENTATION_COMMENTS = YES;
				CLANG_WARN_EMPTY_BODY = YES;
				CLANG_WARN_ENUM_CONVERSION = YES;
				CLANG_WARN_INFINITE_RECURSION = YES;
				CLANG_WARN_INT_CONVERSION = YES;
				CLANG_WARN_NON_LITERAL_NULL_CONVERSION = YES;
				CLANG_WARN_OBJC_IMPLICIT_RETAIN_SELF = YES;
				CLANG_WARN_OBJC_LITERAL_CONVERSION = YES;
				CLANG_WARN_OBJC_ROOT_CLASS = YES_ERROR;
				CLANG_WARN_QUOTED_INCLUDE_IN_FRAMEWORK_HEADER = YES;
				CLANG_WARN_RANGE_LOOP_ANALYSIS = YES;
				CLANG_WARN_STRICT_PROTOTYPES = YES;
				CLANG_WARN_SUSPICIOUS_MOVE = YES;
				CLANG_WARN_UNGUARDED_AVAILABILITY = YES_AGGRESSIVE;
				CLANG_WARN_UNREACHABLE_CODE = YES;
				CLANG_WARN__DUPLICATE_METHOD_MATCH = YES;
				COPY_PHASE_STRIP = NO;
				DEBUG_INFORMATION_FORMAT = "dwarf-with-dsym";
				ENABLE_NS_ASSERTIONS = NO;
				ENABLE_STRICT_OBJC_MSGSEND = YES;
				GCC_C_LANGUAGE_STANDARD = gnu11;
				GCC_NO_COMMON_BLOCKS = YES;
				GCC_WARN_64_TO_32_BIT_CONVERSION = YES;
				GCC_WARN_ABOUT_RETURN_TYPE = YES_ERROR;
				GCC_WARN_UNDECLARED_SELECTOR = YES;
				GCC_WARN_UNINITIALIZED_AUTOS = YES_AGGRESSIVE;
				GCC_WARN_UNUSED_FUNCTION = YES;
				GCC_WARN_UNUSED_VARIABLE = YES;
				IPHONEOS_DEPLOYMENT_TARGET = 16.2;
				MTL_ENABLE_DEBUG_INFO = NO;
				MTL_FAST_MATH = YES;
				SDKROOT = iphoneos;
				SWIFT_COMPILATION_MODE = wholemodule;
				SWIFT_OPTIMIZATION_LEVEL = "-O";
				VALIDATE_PRODUCT = YES;
			};
			name = Release;
		};
		5E34B1FE2AED9B2D008F3F12 /* Debug */ = {
			isa = XCBuildConfiguration;
			buildSettings = {
				ASSETCATALOG_COMPILER_APPICON_NAME = AppIcon;
				ASSETCATALOG_COMPILER_GLOBAL_ACCENT_COLOR_NAME = AccentColor;
				CODE_SIGN_STYLE = Automatic;
				CURRENT_PROJECT_VERSION = 1;
				GENERATE_INFOPLIST_FILE = YES;
				INFOPLIST_FILE = tabs/Info.plist;
				INFOPLIST_KEY_CFBundleDisplayName = Tabs;
				INFOPLIST_KEY_UIApplicationSupportsIndirectInputEvents = YES;
				INFOPLIST_KEY_UILaunchStoryboardName = LaunchScreen;
				INFOPLIST_KEY_UIMainStoryboardFile = Main;
				INFOPLIST_KEY_UISupportedInterfaceOrientations = UIInterfaceOrientationPortrait;
				INFOPLIST_KEY_UISupportedInterfaceOrientations_iPad = "UIInterfaceOrientationLandscapeLeft UIInterfaceOrientationLandscapeRight UIInterfaceOrientationPortrait UIInterfaceOrientationPortraitUpsideDown";
				LD_RUNPATH_SEARCH_PATHS = (
					"$(inherited)",
					"@executable_path/Frameworks",
				);
				MARKETING_VERSION = 1.0;
				PRODUCT_BUNDLE_IDENTIFIER = conestoga.mad.tabs;
				PRODUCT_NAME = "$(TARGET_NAME)";
				SUPPORTED_PLATFORMS = "iphoneos iphonesimulator";
				SUPPORTS_MACCATALYST = NO;
				SUPPORTS_MAC_DESIGNED_FOR_IPHONE_IPAD = NO;
				SWIFT_EMIT_LOC_STRINGS = YES;
				SWIFT_VERSION = 5.0;
				TARGETED_DEVICE_FAMILY = 1;
			};
			name = Debug;
		};
		5E34B1FF2AED9B2D008F3F12 /* Release */ = {
			isa = XCBuildConfiguration;
			buildSettings = {
				ASSETCATALOG_COMPILER_APPICON_NAME = AppIcon;
				ASSETCATALOG_COMPILER_GLOBAL_ACCENT_COLOR_NAME = AccentColor;
				CODE_SIGN_STYLE = Automatic;
				CURRENT_PROJECT_VERSION = 1;
				GENERATE_INFOPLIST_FILE = YES;
				INFOPLIST_FILE = tabs/Info.plist;
				INFOPLIST_KEY_CFBundleDisplayName = Tabs;
				INFOPLIST_KEY_UIApplicationSupportsIndirectInputEvents = YES;
				INFOPLIST_KEY_UILaunchStoryboardName = LaunchScreen;
				INFOPLIST_KEY_UIMainStoryboardFile = Main;
				INFOPLIST_KEY_UISupportedInterfaceOrientations = UIInterfaceOrientationPortrait;
				INFOPLIST_KEY_UISupportedInterfaceOrientations_iPad = "UIInterfaceOrientationLandscapeLeft UIInterfaceOrientationLandscapeRight UIInterfaceOrientationPortrait UIInterfaceOrientationPortraitUpsideDown";
				LD_RUNPATH_SEARCH_PATHS = (
					"$(inherited)",
					"@executable_path/Frameworks",
				);
				MARKETING_VERSION = 1.0;
				PRODUCT_BUNDLE_IDENTIFIER = conestoga.mad.tabs;
				PRODUCT_NAME = "$(TARGET_NAME)";
				SUPPORTED_PLATFORMS = "iphoneos iphonesimulator";
				SUPPORTS_MACCATALYST = NO;
				SUPPORTS_MAC_DESIGNED_FOR_IPHONE_IPAD = NO;
				SWIFT_EMIT_LOC_STRINGS = YES;
				SWIFT_VERSION = 5.0;
				TARGETED_DEVICE_FAMILY = 1;
			};
			name = Release;
		};
/* End XCBuildConfiguration section */

/* Begin XCConfigurationList section */
		5E34B1E42AED9B2B008F3F12 /* Build configuration list for PBXProject "tabs" */ = {
			isa = XCConfigurationList;
			buildConfigurations = (
				5E34B1FB2AED9B2D008F3F12 /* Debug */,
				5E34B1FC2AED9B2D008F3F12 /* Release */,
			);
			defaultConfigurationIsVisible = 0;
			defaultConfigurationName = Release;
		};
		5E34B1FD2AED9B2D008F3F12 /* Build configuration list for PBXNativeTarget "tabs" */ = {
			isa = XCConfigurationList;
			buildConfigurations = (
				5E34B1FE2AED9B2D008F3F12 /* Debug */,
				5E34B1FF2AED9B2D008F3F12 /* Release */,
			);
			defaultConfigurationIsVisible = 0;
			defaultConfigurationName = Release;
		};
/* End XCConfigurationList section */
	};
	rootObject = 5E34B1E12AED9B2B008F3F12 /* Project object */;
}
